// !$*UTF8*$!
{
	archiveVersion = 1;
	classes = {
	};
	objectVersion = 55;
	objects = {

/* Begin PBXBuildFile section */
		48B89FAB2725965800104146 /* AppDelegate.swift in Sources */ = {isa = PBXBuildFile; fileRef = 48B89FAA2725965800104146 /* AppDelegate.swift */; };
		48B89FAD2725965800104146 /* SceneDelegate.swift in Sources */ = {isa = PBXBuildFile; fileRef = 48B89FAC2725965800104146 /* SceneDelegate.swift */; };
		48B89FB22725965800104146 /* Main.storyboard in Resources */ = {isa = PBXBuildFile; fileRef = 48B89FB02725965800104146 /* Main.storyboard */; };
		48B89FB42725965A00104146 /* Assets.xcassets in Resources */ = {isa = PBXBuildFile; fileRef = 48B89FB32725965A00104146 /* Assets.xcassets */; };
		48B89FB72725965A00104146 /* LaunchScreen.storyboard in Resources */ = {isa = PBXBuildFile; fileRef = 48B89FB52725965A00104146 /* LaunchScreen.storyboard */; };
		48B89FC22725965B00104146 /* Instagram_CodepathTests.swift in Sources */ = {isa = PBXBuildFile; fileRef = 48B89FC12725965B00104146 /* Instagram_CodepathTests.swift */; };
		48B89FCC2725965B00104146 /* Instagram_CodepathUITests.swift in Sources */ = {isa = PBXBuildFile; fileRef = 48B89FCB2725965B00104146 /* Instagram_CodepathUITests.swift */; };
		48B89FCE2725965B00104146 /* Instagram_CodepathUITestsLaunchTests.swift in Sources */ = {isa = PBXBuildFile; fileRef = 48B89FCD2725965B00104146 /* Instagram_CodepathUITestsLaunchTests.swift */; };
		48B89FDB27259C1C00104146 /* LoginViewController.swift in Sources */ = {isa = PBXBuildFile; fileRef = 48B89FDA27259C1C00104146 /* LoginViewController.swift */; };
		48B89FDD27259C2900104146 /* FeedViewController.swift in Sources */ = {isa = PBXBuildFile; fileRef = 48B89FDC27259C2900104146 /* FeedViewController.swift */; };
		48B89FDF2725A2BA00104146 /* CameraViewController.swift in Sources */ = {isa = PBXBuildFile; fileRef = 48B89FDE2725A2BA00104146 /* CameraViewController.swift */; };
		48B89FE12725CD3000104146 /* PostCell.swift in Sources */ = {isa = PBXBuildFile; fileRef = 48B89FE02725CD3000104146 /* PostCell.swift */; };
		566BEDE3FC0D513E7E69AA8E /* Pods_Instagram_CodepathTests.framework in Frameworks */ = {isa = PBXBuildFile; fileRef = 8A3C7798DC8D528E03FAF78D /* Pods_Instagram_CodepathTests.framework */; };
		9DA10BDE5C7F0E4434709497 /* Pods_Instagram_Codepath.framework in Frameworks */ = {isa = PBXBuildFile; fileRef = DB3D9B97BC91B5B8AFE70744 /* Pods_Instagram_Codepath.framework */; };
		FBF22F864FEE9C858B509EA1 /* Pods_Instagram_Codepath_Instagram_CodepathUITests.framework in Frameworks */ = {isa = PBXBuildFile; fileRef = 442C4750F111415155483989 /* Pods_Instagram_Codepath_Instagram_CodepathUITests.framework */; };
/* End PBXBuildFile section */

/* Begin PBXContainerItemProxy section */
		48B89FBE2725965B00104146 /* PBXContainerItemProxy */ = {
			isa = PBXContainerItemProxy;
			containerPortal = 48B89F9F2725965800104146 /* Project object */;
			proxyType = 1;
			remoteGlobalIDString = 48B89FA62725965800104146;
			remoteInfo = Instagram_Codepath;
		};
		48B89FC82725965B00104146 /* PBXContainerItemProxy */ = {
			isa = PBXContainerItemProxy;
			containerPortal = 48B89F9F2725965800104146 /* Project object */;
			proxyType = 1;
			remoteGlobalIDString = 48B89FA62725965800104146;
			remoteInfo = Instagram_Codepath;
		};
/* End PBXContainerItemProxy section */

/* Begin PBXFileReference section */
		038921F2F3FFE7CA11D82EC5 /* Pods-Instagram_Codepath.release.xcconfig */ = {isa = PBXFileReference; includeInIndex = 1; lastKnownFileType = text.xcconfig; name = "Pods-Instagram_Codepath.release.xcconfig"; path = "Target Support Files/Pods-Instagram_Codepath/Pods-Instagram_Codepath.release.xcconfig"; sourceTree = "<group>"; };
		0D4752443B72CB64006574E7 /* Pods-Instagram_CodepathTests.release.xcconfig */ = {isa = PBXFileReference; includeInIndex = 1; lastKnownFileType = text.xcconfig; name = "Pods-Instagram_CodepathTests.release.xcconfig"; path = "Target Support Files/Pods-Instagram_CodepathTests/Pods-Instagram_CodepathTests.release.xcconfig"; sourceTree = "<group>"; };
		442C4750F111415155483989 /* Pods_Instagram_Codepath_Instagram_CodepathUITests.framework */ = {isa = PBXFileReference; explicitFileType = wrapper.framework; includeInIndex = 0; path = Pods_Instagram_Codepath_Instagram_CodepathUITests.framework; sourceTree = BUILT_PRODUCTS_DIR; };
		48B89FA72725965800104146 /* Instagram_Codepath.app */ = {isa = PBXFileReference; explicitFileType = wrapper.application; includeInIndex = 0; path = Instagram_Codepath.app; sourceTree = BUILT_PRODUCTS_DIR; };
		48B89FAA2725965800104146 /* AppDelegate.swift */ = {isa = PBXFileReference; lastKnownFileType = sourcecode.swift; path = AppDelegate.swift; sourceTree = "<group>"; };
		48B89FAC2725965800104146 /* SceneDelegate.swift */ = {isa = PBXFileReference; lastKnownFileType = sourcecode.swift; path = SceneDelegate.swift; sourceTree = "<group>"; };
		48B89FB12725965800104146 /* Base */ = {isa = PBXFileReference; lastKnownFileType = file.storyboard; name = Base; path = Base.lproj/Main.storyboard; sourceTree = "<group>"; };
		48B89FB32725965A00104146 /* Assets.xcassets */ = {isa = PBXFileReference; lastKnownFileType = folder.assetcatalog; path = Assets.xcassets; sourceTree = "<group>"; };
		48B89FB62725965A00104146 /* Base */ = {isa = PBXFileReference; lastKnownFileType = file.storyboard; name = Base; path = Base.lproj/LaunchScreen.storyboard; sourceTree = "<group>"; };
		48B89FB82725965B00104146 /* Info.plist */ = {isa = PBXFileReference; lastKnownFileType = text.plist.xml; path = Info.plist; sourceTree = "<group>"; };
		48B89FBD2725965B00104146 /* Instagram_CodepathTests.xctest */ = {isa = PBXFileReference; explicitFileType = wrapper.cfbundle; includeInIndex = 0; path = Instagram_CodepathTests.xctest; sourceTree = BUILT_PRODUCTS_DIR; };
		48B89FC12725965B00104146 /* Instagram_CodepathTests.swift */ = {isa = PBXFileReference; lastKnownFileType = sourcecode.swift; path = Instagram_CodepathTests.swift; sourceTree = "<group>"; };
		48B89FC72725965B00104146 /* Instagram_CodepathUITests.xctest */ = {isa = PBXFileReference; explicitFileType = wrapper.cfbundle; includeInIndex = 0; path = Instagram_CodepathUITests.xctest; sourceTree = BUILT_PRODUCTS_DIR; };
		48B89FCB2725965B00104146 /* Instagram_CodepathUITests.swift */ = {isa = PBXFileReference; lastKnownFileType = sourcecode.swift; path = Instagram_CodepathUITests.swift; sourceTree = "<group>"; };
		48B89FCD2725965B00104146 /* Instagram_CodepathUITestsLaunchTests.swift */ = {isa = PBXFileReference; lastKnownFileType = sourcecode.swift; path = Instagram_CodepathUITestsLaunchTests.swift; sourceTree = "<group>"; };
		48B89FDA27259C1C00104146 /* LoginViewController.swift */ = {isa = PBXFileReference; lastKnownFileType = sourcecode.swift; path = LoginViewController.swift; sourceTree = "<group>"; };
		48B89FDC27259C2900104146 /* FeedViewController.swift */ = {isa = PBXFileReference; lastKnownFileType = sourcecode.swift; path = FeedViewController.swift; sourceTree = "<group>"; };
		48B89FDE2725A2BA00104146 /* CameraViewController.swift */ = {isa = PBXFileReference; lastKnownFileType = sourcecode.swift; path = CameraViewController.swift; sourceTree = "<group>"; };
		48B89FE02725CD3000104146 /* PostCell.swift */ = {isa = PBXFileReference; lastKnownFileType = sourcecode.swift; path = PostCell.swift; sourceTree = "<group>"; };
		7625AC4C8D676B6F9346DC8C /* Pods-Instagram_Codepath.debug.xcconfig */ = {isa = PBXFileReference; includeInIndex = 1; lastKnownFileType = text.xcconfig; name = "Pods-Instagram_Codepath.debug.xcconfig"; path = "Target Support Files/Pods-Instagram_Codepath/Pods-Instagram_Codepath.debug.xcconfig"; sourceTree = "<group>"; };
		864C270CB2B98E59BB313332 /* Pods-Instagram_Codepath-Instagram_CodepathUITests.debug.xcconfig */ = {isa = PBXFileReference; includeInIndex = 1; lastKnownFileType = text.xcconfig; name = "Pods-Instagram_Codepath-Instagram_CodepathUITests.debug.xcconfig"; path = "Target Support Files/Pods-Instagram_Codepath-Instagram_CodepathUITests/Pods-Instagram_Codepath-Instagram_CodepathUITests.debug.xcconfig"; sourceTree = "<group>"; };
		8A3C7798DC8D528E03FAF78D /* Pods_Instagram_CodepathTests.framework */ = {isa = PBXFileReference; explicitFileType = wrapper.framework; includeInIndex = 0; path = Pods_Instagram_CodepathTests.framework; sourceTree = BUILT_PRODUCTS_DIR; };
		D3B050D5A7C86F96A2E4F22C /* Pods-Instagram_CodepathTests.debug.xcconfig */ = {isa = PBXFileReference; includeInIndex = 1; lastKnownFileType = text.xcconfig; name = "Pods-Instagram_CodepathTests.debug.xcconfig"; path = "Target Support Files/Pods-Instagram_CodepathTests/Pods-Instagram_CodepathTests.debug.xcconfig"; sourceTree = "<group>"; };
		DB3D9B97BC91B5B8AFE70744 /* Pods_Instagram_Codepath.framework */ = {isa = PBXFileReference; explicitFileType = wrapper.framework; includeInIndex = 0; path = Pods_Instagram_Codepath.framework; sourceTree = BUILT_PRODUCTS_DIR; };
		E1DD082364EFD9562F275BBC /* Pods-Instagram_Codepath-Instagram_CodepathUITests.release.xcconfig */ = {isa = PBXFileReference; includeInIndex = 1; lastKnownFileType = text.xcconfig; name = "Pods-Instagram_Codepath-Instagram_CodepathUITests.release.xcconfig"; path = "Target Support Files/Pods-Instagram_Codepath-Instagram_CodepathUITests/Pods-Instagram_Codepath-Instagram_CodepathUITests.release.xcconfig"; sourceTree = "<group>"; };
/* End PBXFileReference section */

/* Begin PBXFrameworksBuildPhase section */
		48B89FA42725965800104146 /* Frameworks */ = {
			isa = PBXFrameworksBuildPhase;
			buildActionMask = 2147483647;
			files = (
				9DA10BDE5C7F0E4434709497 /* Pods_Instagram_Codepath.framework in Frameworks */,
			);
			runOnlyForDeploymentPostprocessing = 0;
		};
		48B89FBA2725965B00104146 /* Frameworks */ = {
			isa = PBXFrameworksBuildPhase;
			buildActionMask = 2147483647;
			files = (
				566BEDE3FC0D513E7E69AA8E /* Pods_Instagram_CodepathTests.framework in Frameworks */,
			);
			runOnlyForDeploymentPostprocessing = 0;
		};
		48B89FC42725965B00104146 /* Frameworks */ = {
			isa = PBXFrameworksBuildPhase;
			buildActionMask = 2147483647;
			files = (
				FBF22F864FEE9C858B509EA1 /* Pods_Instagram_Codepath_Instagram_CodepathUITests.framework in Frameworks */,
			);
			runOnlyForDeploymentPostprocessing = 0;
		};
/* End PBXFrameworksBuildPhase section */

/* Begin PBXGroup section */
		2616A4E7CB9EE5B48E453894 /* Frameworks */ = {
			isa = PBXGroup;
			children = (
				DB3D9B97BC91B5B8AFE70744 /* Pods_Instagram_Codepath.framework */,
				442C4750F111415155483989 /* Pods_Instagram_Codepath_Instagram_CodepathUITests.framework */,
				8A3C7798DC8D528E03FAF78D /* Pods_Instagram_CodepathTests.framework */,
			);
			name = Frameworks;
			sourceTree = "<group>";
		};
		48B89F9E2725965800104146 = {
			isa = PBXGroup;
			children = (
				48B89FA92725965800104146 /* Instagram_Codepath */,
				48B89FC02725965B00104146 /* Instagram_CodepathTests */,
				48B89FCA2725965B00104146 /* Instagram_CodepathUITests */,
				48B89FA82725965800104146 /* Products */,
				851183737AA3DF53BCF2EFA5 /* Pods */,
				2616A4E7CB9EE5B48E453894 /* Frameworks */,
			);
			sourceTree = "<group>";
		};
		48B89FA82725965800104146 /* Products */ = {
			isa = PBXGroup;
			children = (
				48B89FA72725965800104146 /* Instagram_Codepath.app */,
				48B89FBD2725965B00104146 /* Instagram_CodepathTests.xctest */,
				48B89FC72725965B00104146 /* Instagram_CodepathUITests.xctest */,
			);
			name = Products;
			sourceTree = "<group>";
		};
		48B89FA92725965800104146 /* Instagram_Codepath */ = {
			isa = PBXGroup;
			children = (
				48B89FAA2725965800104146 /* AppDelegate.swift */,
				48B89FAC2725965800104146 /* SceneDelegate.swift */,
				48B89FB02725965800104146 /* Main.storyboard */,
				48B89FE02725CD3000104146 /* PostCell.swift */,
				48B89FDE2725A2BA00104146 /* CameraViewController.swift */,
				48B89FDA27259C1C00104146 /* LoginViewController.swift */,
				48B89FDC27259C2900104146 /* FeedViewController.swift */,
				48B89FB32725965A00104146 /* Assets.xcassets */,
				48B89FB52725965A00104146 /* LaunchScreen.storyboard */,
				48B89FB82725965B00104146 /* Info.plist */,
			);
			path = Instagram_Codepath;
			sourceTree = "<group>";
		};
		48B89FC02725965B00104146 /* Instagram_CodepathTests */ = {
			isa = PBXGroup;
			children = (
				48B89FC12725965B00104146 /* Instagram_CodepathTests.swift */,
			);
			path = Instagram_CodepathTests;
			sourceTree = "<group>";
		};
		48B89FCA2725965B00104146 /* Instagram_CodepathUITests */ = {
			isa = PBXGroup;
			children = (
				48B89FCB2725965B00104146 /* Instagram_CodepathUITests.swift */,
				48B89FCD2725965B00104146 /* Instagram_CodepathUITestsLaunchTests.swift */,
			);
			path = Instagram_CodepathUITests;
			sourceTree = "<group>";
		};
		851183737AA3DF53BCF2EFA5 /* Pods */ = {
			isa = PBXGroup;
			children = (
				7625AC4C8D676B6F9346DC8C /* Pods-Instagram_Codepath.debug.xcconfig */,
				038921F2F3FFE7CA11D82EC5 /* Pods-Instagram_Codepath.release.xcconfig */,
				864C270CB2B98E59BB313332 /* Pods-Instagram_Codepath-Instagram_CodepathUITests.debug.xcconfig */,
				E1DD082364EFD9562F275BBC /* Pods-Instagram_Codepath-Instagram_CodepathUITests.release.xcconfig */,
				D3B050D5A7C86F96A2E4F22C /* Pods-Instagram_CodepathTests.debug.xcconfig */,
				0D4752443B72CB64006574E7 /* Pods-Instagram_CodepathTests.release.xcconfig */,
			);
			path = Pods;
			sourceTree = "<group>";
		};
/* End PBXGroup section */

/* Begin PBXNativeTarget section */
		48B89FA62725965800104146 /* Instagram_Codepath */ = {
			isa = PBXNativeTarget;
			buildConfigurationList = 48B89FD12725965B00104146 /* Build configuration list for PBXNativeTarget "Instagram_Codepath" */;
			buildPhases = (
				38608F9CF466201752043512 /* [CP] Check Pods Manifest.lock */,
				48B89FA32725965800104146 /* Sources */,
				48B89FA42725965800104146 /* Frameworks */,
				48B89FA52725965800104146 /* Resources */,
				ECE7CF92E0AF45B2BD552C14 /* [CP] Embed Pods Frameworks */,
			);
			buildRules = (
			);
			dependencies = (
			);
			name = Instagram_Codepath;
			productName = Instagram_Codepath;
			productReference = 48B89FA72725965800104146 /* Instagram_Codepath.app */;
			productType = "com.apple.product-type.application";
		};
		48B89FBC2725965B00104146 /* Instagram_CodepathTests */ = {
			isa = PBXNativeTarget;
			buildConfigurationList = 48B89FD42725965B00104146 /* Build configuration list for PBXNativeTarget "Instagram_CodepathTests" */;
			buildPhases = (
				30AEDB687C235624422D1BA9 /* [CP] Check Pods Manifest.lock */,
				48B89FB92725965B00104146 /* Sources */,
				48B89FBA2725965B00104146 /* Frameworks */,
				48B89FBB2725965B00104146 /* Resources */,
			);
			buildRules = (
			);
			dependencies = (
				48B89FBF2725965B00104146 /* PBXTargetDependency */,
			);
			name = Instagram_CodepathTests;
			productName = Instagram_CodepathTests;
			productReference = 48B89FBD2725965B00104146 /* Instagram_CodepathTests.xctest */;
			productType = "com.apple.product-type.bundle.unit-test";
		};
		48B89FC62725965B00104146 /* Instagram_CodepathUITests */ = {
			isa = PBXNativeTarget;
			buildConfigurationList = 48B89FD72725965B00104146 /* Build configuration list for PBXNativeTarget "Instagram_CodepathUITests" */;
			buildPhases = (
				AE8ADD39194F85BEA8DD63DC /* [CP] Check Pods Manifest.lock */,
				48B89FC32725965B00104146 /* Sources */,
				48B89FC42725965B00104146 /* Frameworks */,
				48B89FC52725965B00104146 /* Resources */,
				A13A36ACDBC57F9F1423768F /* [CP] Embed Pods Frameworks */,
			);
			buildRules = (
			);
			dependencies = (
				48B89FC92725965B00104146 /* PBXTargetDependency */,
			);
			name = Instagram_CodepathUITests;
			productName = Instagram_CodepathUITests;
			productReference = 48B89FC72725965B00104146 /* Instagram_CodepathUITests.xctest */;
			productType = "com.apple.product-type.bundle.ui-testing";
		};
/* End PBXNativeTarget section */

/* Begin PBXProject section */
		48B89F9F2725965800104146 /* Project object */ = {
			isa = PBXProject;
			attributes = {
				BuildIndependentTargetsInParallel = 1;
				LastSwiftUpdateCheck = 1300;
				LastUpgradeCheck = 1300;
				TargetAttributes = {
					48B89FA62725965800104146 = {
						CreatedOnToolsVersion = 13.0;
					};
					48B89FBC2725965B00104146 = {
						CreatedOnToolsVersion = 13.0;
						TestTargetID = 48B89FA62725965800104146;
					};
					48B89FC62725965B00104146 = {
						CreatedOnToolsVersion = 13.0;
						TestTargetID = 48B89FA62725965800104146;
					};
				};
			};
			buildConfigurationList = 48B89FA22725965800104146 /* Build configuration list for PBXProject "Instagram_Codepath" */;
			compatibilityVersion = "Xcode 13.0";
			developmentRegion = en;
			hasScannedForEncodings = 0;
			knownRegions = (
				en,
				Base,
			);
			mainGroup = 48B89F9E2725965800104146;
			productRefGroup = 48B89FA82725965800104146 /* Products */;
			projectDirPath = "";
			projectRoot = "";
			targets = (
				48B89FA62725965800104146 /* Instagram_Codepath */,
				48B89FBC2725965B00104146 /* Instagram_CodepathTests */,
				48B89FC62725965B00104146 /* Instagram_CodepathUITests */,
			);
		};
/* End PBXProject section */

/* Begin PBXResourcesBuildPhase section */
		48B89FA52725965800104146 /* Resources */ = {
			isa = PBXResourcesBuildPhase;
			buildActionMask = 2147483647;
			files = (
				48B89FB72725965A00104146 /* LaunchScreen.storyboard in Resources */,
				48B89FB42725965A00104146 /* Assets.xcassets in Resources */,
				48B89FB22725965800104146 /* Main.storyboard in Resources */,
			);
			runOnlyForDeploymentPostprocessing = 0;
		};
		48B89FBB2725965B00104146 /* Resources */ = {
			isa = PBXResourcesBuildPhase;
			buildActionMask = 2147483647;
			files = (
			);
			runOnlyForDeploymentPostprocessing = 0;
		};
		48B89FC52725965B00104146 /* Resources */ = {
			isa = PBXResourcesBuildPhase;
			buildActionMask = 2147483647;
			files = (
			);
			runOnlyForDeploymentPostprocessing = 0;
		};
/* End PBXResourcesBuildPhase section */

/* Begin PBXShellScriptBuildPhase section */
		30AEDB687C235624422D1BA9 /* [CP] Check Pods Manifest.lock */ = {
			isa = PBXShellScriptBuildPhase;
			buildActionMask = 2147483647;
			files = (
			);
			inputFileListPaths = (
			);
			inputPaths = (
				"${PODS_PODFILE_DIR_PATH}/Podfile.lock",
				"${PODS_ROOT}/Manifest.lock",
			);
			name = "[CP] Check Pods Manifest.lock";
			outputFileListPaths = (
			);
			outputPaths = (
				"$(DERIVED_FILE_DIR)/Pods-Instagram_CodepathTests-checkManifestLockResult.txt",
			);
			runOnlyForDeploymentPostprocessing = 0;
			shellPath = /bin/sh;
			shellScript = "diff \"${PODS_PODFILE_DIR_PATH}/Podfile.lock\" \"${PODS_ROOT}/Manifest.lock\" > /dev/null\nif [ $? != 0 ] ; then\n    # print error to STDERR\n    echo \"error: The sandbox is not in sync with the Podfile.lock. Run 'pod install' or update your CocoaPods installation.\" >&2\n    exit 1\nfi\n# This output is used by Xcode 'outputs' to avoid re-running this script phase.\necho \"SUCCESS\" > \"${SCRIPT_OUTPUT_FILE_0}\"\n";
			showEnvVarsInLog = 0;
		};
		38608F9CF466201752043512 /* [CP] Check Pods Manifest.lock */ = {
			isa = PBXShellScriptBuildPhase;
			buildActionMask = 2147483647;
			files = (
			);
			inputFileListPaths = (
			);
			inputPaths = (
				"${PODS_PODFILE_DIR_PATH}/Podfile.lock",
				"${PODS_ROOT}/Manifest.lock",
			);
			name = "[CP] Check Pods Manifest.lock";
			outputFileListPaths = (
			);
			outputPaths = (
				"$(DERIVED_FILE_DIR)/Pods-Instagram_Codepath-checkManifestLockResult.txt",
			);
			runOnlyForDeploymentPostprocessing = 0;
			shellPath = /bin/sh;
			shellScript = "diff \"${PODS_PODFILE_DIR_PATH}/Podfile.lock\" \"${PODS_ROOT}/Manifest.lock\" > /dev/null\nif [ $? != 0 ] ; then\n    # print error to STDERR\n    echo \"error: The sandbox is not in sync with the Podfile.lock. Run 'pod install' or update your CocoaPods installation.\" >&2\n    exit 1\nfi\n# This output is used by Xcode 'outputs' to avoid re-running this script phase.\necho \"SUCCESS\" > \"${SCRIPT_OUTPUT_FILE_0}\"\n";
			showEnvVarsInLog = 0;
		};
		A13A36ACDBC57F9F1423768F /* [CP] Embed Pods Frameworks */ = {
			isa = PBXShellScriptBuildPhase;
			buildActionMask = 2147483647;
			files = (
			);
			inputFileListPaths = (
				"${PODS_ROOT}/Target Support Files/Pods-Instagram_Codepath-Instagram_CodepathUITests/Pods-Instagram_Codepath-Instagram_CodepathUITests-frameworks-${CONFIGURATION}-input-files.xcfilelist",
			);
			name = "[CP] Embed Pods Frameworks";
			outputFileListPaths = (
				"${PODS_ROOT}/Target Support Files/Pods-Instagram_Codepath-Instagram_CodepathUITests/Pods-Instagram_Codepath-Instagram_CodepathUITests-frameworks-${CONFIGURATION}-output-files.xcfilelist",
			);
			runOnlyForDeploymentPostprocessing = 0;
			shellPath = /bin/sh;
			shellScript = "\"${PODS_ROOT}/Target Support Files/Pods-Instagram_Codepath-Instagram_CodepathUITests/Pods-Instagram_Codepath-Instagram_CodepathUITests-frameworks.sh\"\n";
			showEnvVarsInLog = 0;
		};
		AE8ADD39194F85BEA8DD63DC /* [CP] Check Pods Manifest.lock */ = {
			isa = PBXShellScriptBuildPhase;
			buildActionMask = 2147483647;
			files = (
			);
			inputFileListPaths = (
			);
			inputPaths = (
				"${PODS_PODFILE_DIR_PATH}/Podfile.lock",
				"${PODS_ROOT}/Manifest.lock",
			);
			name = "[CP] Check Pods Manifest.lock";
			outputFileListPaths = (
			);
			outputPaths = (
				"$(DERIVED_FILE_DIR)/Pods-Instagram_Codepath-Instagram_CodepathUITests-checkManifestLockResult.txt",
			);
			runOnlyForDeploymentPostprocessing = 0;
			shellPath = /bin/sh;
			shellScript = "diff \"${PODS_PODFILE_DIR_PATH}/Podfile.lock\" \"${PODS_ROOT}/Manifest.lock\" > /dev/null\nif [ $? != 0 ] ; then\n    # print error to STDERR\n    echo \"error: The sandbox is not in sync with the Podfile.lock. Run 'pod install' or update your CocoaPods installation.\" >&2\n    exit 1\nfi\n# This output is used by Xcode 'outputs' to avoid re-running this script phase.\necho \"SUCCESS\" > \"${SCRIPT_OUTPUT_FILE_0}\"\n";
			showEnvVarsInLog = 0;
		};
		ECE7CF92E0AF45B2BD552C14 /* [CP] Embed Pods Frameworks */ = {
			isa = PBXShellScriptBuildPhase;
			buildActionMask = 2147483647;
			files = (
			);
			inputFileListPaths = (
				"${PODS_ROOT}/Target Support Files/Pods-Instagram_Codepath/Pods-Instagram_Codepath-frameworks-${CONFIGURATION}-input-files.xcfilelist",
			);
			name = "[CP] Embed Pods Frameworks";
			outputFileListPaths = (
				"${PODS_ROOT}/Target Support Files/Pods-Instagram_Codepath/Pods-Instagram_Codepath-frameworks-${CONFIGURATION}-output-files.xcfilelist",
			);
			runOnlyForDeploymentPostprocessing = 0;
			shellPath = /bin/sh;
			shellScript = "\"${PODS_ROOT}/Target Support Files/Pods-Instagram_Codepath/Pods-Instagram_Codepath-frameworks.sh\"\n";
			showEnvVarsInLog = 0;
		};
/* End PBXShellScriptBuildPhase section */

/* Begin PBXSourcesBuildPhase section */
		48B89FA32725965800104146 /* Sources */ = {
			isa = PBXSourcesBuildPhase;
			buildActionMask = 2147483647;
			files = (
				48B89FDB27259C1C00104146 /* LoginViewController.swift in Sources */,
				48B89FDF2725A2BA00104146 /* CameraViewController.swift in Sources */,
				48B89FAB2725965800104146 /* AppDelegate.swift in Sources */,
				48B89FDD27259C2900104146 /* FeedViewController.swift in Sources */,
				48B89FAD2725965800104146 /* SceneDelegate.swift in Sources */,
				48B89FE12725CD3000104146 /* PostCell.swift in Sources */,
			);
			runOnlyForDeploymentPostprocessing = 0;
		};
		48B89FB92725965B00104146 /* Sources */ = {
			isa = PBXSourcesBuildPhase;
			buildActionMask = 2147483647;
			files = (
				48B89FC22725965B00104146 /* Instagram_CodepathTests.swift in Sources */,
			);
			runOnlyForDeploymentPostprocessing = 0;
		};
		48B89FC32725965B00104146 /* Sources */ = {
			isa = PBXSourcesBuildPhase;
			buildActionMask = 2147483647;
			files = (
				48B89FCC2725965B00104146 /* Instagram_CodepathUITests.swift in Sources */,
				48B89FCE2725965B00104146 /* Instagram_CodepathUITestsLaunchTests.swift in Sources */,
			);
			runOnlyForDeploymentPostprocessing = 0;
		};
/* End PBXSourcesBuildPhase section */

/* Begin PBXTargetDependency section */
		48B89FBF2725965B00104146 /* PBXTargetDependency */ = {
			isa = PBXTargetDependency;
			target = 48B89FA62725965800104146 /* Instagram_Codepath */;
			targetProxy = 48B89FBE2725965B00104146 /* PBXContainerItemProxy */;
		};
		48B89FC92725965B00104146 /* PBXTargetDependency */ = {
			isa = PBXTargetDependency;
			target = 48B89FA62725965800104146 /* Instagram_Codepath */;
			targetProxy = 48B89FC82725965B00104146 /* PBXContainerItemProxy */;
		};
/* End PBXTargetDependency section */

/* Begin PBXVariantGroup section */
		48B89FB02725965800104146 /* Main.storyboard */ = {
			isa = PBXVariantGroup;
			children = (
				48B89FB12725965800104146 /* Base */,
			);
			name = Main.storyboard;
			sourceTree = "<group>";
		};
		48B89FB52725965A00104146 /* LaunchScreen.storyboard */ = {
			isa = PBXVariantGroup;
			children = (
				48B89FB62725965A00104146 /* Base */,
			);
			name = LaunchScreen.storyboard;
			sourceTree = "<group>";
		};
/* End PBXVariantGroup section */

/* Begin XCBuildConfiguration section */
		48B89FCF2725965B00104146 /* Debug */ = {
			isa = XCBuildConfiguration;
			buildSettings = {
				ALWAYS_SEARCH_USER_PATHS = NO;
				CLANG_ANALYZER_NONNULL = YES;
				CLANG_ANALYZER_NUMBER_OBJECT_CONVERSION = YES_AGGRESSIVE;
				CLANG_CXX_LANGUAGE_STANDARD = "gnu++17";
				CLANG_CXX_LIBRARY = "libc++";
				CLANG_ENABLE_MODULES = YES;
				CLANG_ENABLE_OBJC_ARC = YES;
				CLANG_ENABLE_OBJC_WEAK = YES;
				CLANG_WARN_BLOCK_CAPTURE_AUTORELEASING = YES;
				CLANG_WARN_BOOL_CONVERSION = YES;
				CLANG_WARN_COMMA = YES;
				CLANG_WARN_CONSTANT_CONVERSION = YES;
				CLANG_WARN_DEPRECATED_OBJC_IMPLEMENTATIONS = YES;
				CLANG_WARN_DIRECT_OBJC_ISA_USAGE = YES_ERROR;
				CLANG_WARN_DOCUMENTATION_COMMENTS = YES;
				CLANG_WARN_EMPTY_BODY = YES;
				CLANG_WARN_ENUM_CONVERSION = YES;
				CLANG_WARN_INFINITE_RECURSION = YES;
				CLANG_WARN_INT_CONVERSION = YES;
				CLANG_WARN_NON_LITERAL_NULL_CONVERSION = YES;
				CLANG_WARN_OBJC_IMPLICIT_RETAIN_SELF = YES;
				CLANG_WARN_OBJC_LITERAL_CONVERSION = YES;
				CLANG_WARN_OBJC_ROOT_CLASS = YES_ERROR;
				CLANG_WARN_QUOTED_INCLUDE_IN_FRAMEWORK_HEADER = YES;
				CLANG_WARN_RANGE_LOOP_ANALYSIS = YES;
				CLANG_WARN_STRICT_PROTOTYPES = YES;
				CLANG_WARN_SUSPICIOUS_MOVE = YES;
				CLANG_WARN_UNGUARDED_AVAILABILITY = YES_AGGRESSIVE;
				CLANG_WARN_UNREACHABLE_CODE = YES;
				CLANG_WARN__DUPLICATE_METHOD_MATCH = YES;
				COPY_PHASE_STRIP = NO;
				DEBUG_INFORMATION_FORMAT = dwarf;
				ENABLE_STRICT_OBJC_MSGSEND = YES;
				ENABLE_TESTABILITY = YES;
				GCC_C_LANGUAGE_STANDARD = gnu11;
				GCC_DYNAMIC_NO_PIC = NO;
				GCC_NO_COMMON_BLOCKS = YES;
				GCC_OPTIMIZATION_LEVEL = 0;
				GCC_PREPROCESSOR_DEFINITIONS = (
					"DEBUG=1",
					"$(inherited)",
				);
				GCC_WARN_64_TO_32_BIT_CONVERSION = YES;
				GCC_WARN_ABOUT_RETURN_TYPE = YES_ERROR;
				GCC_WARN_UNDECLARED_SELECTOR = YES;
				GCC_WARN_UNINITIALIZED_AUTOS = YES_AGGRESSIVE;
				GCC_WARN_UNUSED_FUNCTION = YES;
				GCC_WARN_UNUSED_VARIABLE = YES;
				IPHONEOS_DEPLOYMENT_TARGET = 15.0;
				MTL_ENABLE_DEBUG_INFO = INCLUDE_SOURCE;
				MTL_FAST_MATH = YES;
				ONLY_ACTIVE_ARCH = YES;
				SDKROOT = iphoneos;
				SWIFT_ACTIVE_COMPILATION_CONDITIONS = DEBUG;
				SWIFT_OPTIMIZATION_LEVEL = "-Onone";
			};
			name = Debug;
		};
		48B89FD02725965B00104146 /* Release */ = {
			isa = XCBuildConfiguration;
			buildSettings = {
				ALWAYS_SEARCH_USER_PATHS = NO;
				CLANG_ANALYZER_NONNULL = YES;
				CLANG_ANALYZER_NUMBER_OBJECT_CONVERSION = YES_AGGRESSIVE;
				CLANG_CXX_LANGUAGE_STANDARD = "gnu++17";
				CLANG_CXX_LIBRARY = "libc++";
				CLANG_ENABLE_MODULES = YES;
				CLANG_ENABLE_OBJC_ARC = YES;
				CLANG_ENABLE_OBJC_WEAK = YES;
				CLANG_WARN_BLOCK_CAPTURE_AUTORELEASING = YES;
				CLANG_WARN_BOOL_CONVERSION = YES;
				CLANG_WARN_COMMA = YES;
				CLANG_WARN_CONSTANT_CONVERSION = YES;
				CLANG_WARN_DEPRECATED_OBJC_IMPLEMENTATIONS = YES;
				CLANG_WARN_DIRECT_OBJC_ISA_USAGE = YES_ERROR;
				CLANG_WARN_DOCUMENTATION_COMMENTS = YES;
				CLANG_WARN_EMPTY_BODY = YES;
				CLANG_WARN_ENUM_CONVERSION = YES;
				CLANG_WARN_INFINITE_RECURSION = YES;
				CLANG_WARN_INT_CONVERSION = YES;
				CLANG_WARN_NON_LITERAL_NULL_CONVERSION = YES;
				CLANG_WARN_OBJC_IMPLICIT_RETAIN_SELF = YES;
				CLANG_WARN_OBJC_LITERAL_CONVERSION = YES;
				CLANG_WARN_OBJC_ROOT_CLASS = YES_ERROR;
				CLANG_WARN_QUOTED_INCLUDE_IN_FRAMEWORK_HEADER = YES;
				CLANG_WARN_RANGE_LOOP_ANALYSIS = YES;
				CLANG_WARN_STRICT_PROTOTYPES = YES;
				CLANG_WARN_SUSPICIOUS_MOVE = YES;
				CLANG_WARN_UNGUARDED_AVAILABILITY = YES_AGGRESSIVE;
				CLANG_WARN_UNREACHABLE_CODE = YES;
				CLANG_WARN__DUPLICATE_METHOD_MATCH = YES;
				COPY_PHASE_STRIP = NO;
				DEBUG_INFORMATION_FORMAT = "dwarf-with-dsym";
				ENABLE_NS_ASSERTIONS = NO;
				ENABLE_STRICT_OBJC_MSGSEND = YES;
				GCC_C_LANGUAGE_STANDARD = gnu11;
				GCC_NO_COMMON_BLOCKS = YES;
				GCC_WARN_64_TO_32_BIT_CONVERSION = YES;
				GCC_WARN_ABOUT_RETURN_TYPE = YES_ERROR;
				GCC_WARN_UNDECLARED_SELECTOR = YES;
				GCC_WARN_UNINITIALIZED_AUTOS = YES_AGGRESSIVE;
				GCC_WARN_UNUSED_FUNCTION = YES;
				GCC_WARN_UNUSED_VARIABLE = YES;
				IPHONEOS_DEPLOYMENT_TARGET = 15.0;
				MTL_ENABLE_DEBUG_INFO = NO;
				MTL_FAST_MATH = YES;
				SDKROOT = iphoneos;
				SWIFT_COMPILATION_MODE = wholemodule;
				SWIFT_OPTIMIZATION_LEVEL = "-O";
				VALIDATE_PRODUCT = YES;
			};
			name = Release;
		};
		48B89FD22725965B00104146 /* Debug */ = {
			isa = XCBuildConfiguration;
			baseConfigurationReference = 7625AC4C8D676B6F9346DC8C /* Pods-Instagram_Codepath.debug.xcconfig */;
			buildSettings = {
				ASSETCATALOG_COMPILER_APPICON_NAME = AppIcon;
				ASSETCATALOG_COMPILER_GLOBAL_ACCENT_COLOR_NAME = AccentColor;
				CODE_SIGN_STYLE = Automatic;
				CURRENT_PROJECT_VERSION = 1;
				DEVELOPMENT_TEAM = T8N9V63KLX;
				GENERATE_INFOPLIST_FILE = YES;
				INFOPLIST_FILE = Instagram_Codepath/Info.plist;
				INFOPLIST_KEY_UIApplicationSupportsIndirectInputEvents = YES;
				INFOPLIST_KEY_UILaunchStoryboardName = LaunchScreen;
				INFOPLIST_KEY_UIMainStoryboardFile = Main;
				INFOPLIST_KEY_UISupportedInterfaceOrientations_iPad = "UIInterfaceOrientationPortrait UIInterfaceOrientationPortraitUpsideDown UIInterfaceOrientationLandscapeLeft UIInterfaceOrientationLandscapeRight";
				INFOPLIST_KEY_UISupportedInterfaceOrientations_iPhone = "UIInterfaceOrientationPortrait UIInterfaceOrientationLandscapeLeft UIInterfaceOrientationLandscapeRight";
				LD_RUNPATH_SEARCH_PATHS = (
					"$(inherited)",
					"@executable_path/Frameworks",
				);
				MARKETING_VERSION = 1.0;
				PRODUCT_BUNDLE_IDENTIFIER = "tajwarsunan.Instagram-Codepath";
				PRODUCT_NAME = "$(TARGET_NAME)";
				SWIFT_EMIT_LOC_STRINGS = YES;
				SWIFT_VERSION = 5.0;
				TARGETED_DEVICE_FAMILY = "1,2";
			};
			name = Debug;
		};
		48B89FD32725965B00104146 /* Release */ = {
			isa = XCBuildConfiguration;
			baseConfigurationReference = 038921F2F3FFE7CA11D82EC5 /* Pods-Instagram_Codepath.release.xcconfig */;
			buildSettings = {
				ASSETCATALOG_COMPILER_APPICON_NAME = AppIcon;
				ASSETCATALOG_COMPILER_GLOBAL_ACCENT_COLOR_NAME = AccentColor;
				CODE_SIGN_STYLE = Automatic;
				CURRENT_PROJECT_VERSION = 1;
				DEVELOPMENT_TEAM = T8N9V63KLX;
				GENERATE_INFOPLIST_FILE = YES;
				INFOPLIST_FILE = Instagram_Codepath/Info.plist;
				INFOPLIST_KEY_UIApplicationSupportsIndirectInputEvents = YES;
				INFOPLIST_KEY_UILaunchStoryboardName = LaunchScreen;
				INFOPLIST_KEY_UIMainStoryboardFile = Main;
				INFOPLIST_KEY_UISupportedInterfaceOrientations_iPad = "UIInterfaceOrientationPortrait UIInterfaceOrientationPortraitUpsideDown UIInterfaceOrientationLandscapeLeft UIInterfaceOrientationLandscapeRight";
				INFOPLIST_KEY_UISupportedInterfaceOrientations_iPhone = "UIInterfaceOrientationPortrait UIInterfaceOrientationLandscapeLeft UIInterfaceOrientationLandscapeRight";
				LD_RUNPATH_SEARCH_PATHS = (
					"$(inherited)",
					"@executable_path/Frameworks",
				);
				MARKETING_VERSION = 1.0;
				PRODUCT_BUNDLE_IDENTIFIER = "tajwarsunan.Instagram-Codepath";
				PRODUCT_NAME = "$(TARGET_NAME)";
				SWIFT_EMIT_LOC_STRINGS = YES;
				SWIFT_VERSION = 5.0;
				TARGETED_DEVICE_FAMILY = "1,2";
			};
			name = Release;
		};
		48B89FD52725965B00104146 /* Debug */ = {
			isa = XCBuildConfiguration;
			baseConfigurationReference = D3B050D5A7C86F96A2E4F22C /* Pods-Instagram_CodepathTests.debug.xcconfig */;
			buildSettings = {
				ALWAYS_EMBED_SWIFT_STANDARD_LIBRARIES = YES;
				BUNDLE_LOADER = "$(TEST_HOST)";
				CODE_SIGN_STYLE = Automatic;
				CURRENT_PROJECT_VERSION = 1;
				DEVELOPMENT_TEAM = T8N9V63KLX;
				GENERATE_INFOPLIST_FILE = YES;
				IPHONEOS_DEPLOYMENT_TARGET = 15.0;
				LD_RUNPATH_SEARCH_PATHS = (
					"$(inherited)",
					"@executable_path/Frameworks",
					"@loader_path/Frameworks",
				);
				MARKETING_VERSION = 1.0;
				PRODUCT_BUNDLE_IDENTIFIER = "tajwarsunan.Instagram-CodepathTests";
				PRODUCT_NAME = "$(TARGET_NAME)";
				SWIFT_EMIT_LOC_STRINGS = NO;
				SWIFT_VERSION = 5.0;
				TARGETED_DEVICE_FAMILY = "1,2";
				TEST_HOST = "$(BUILT_PRODUCTS_DIR)/Instagram_Codepath.app/Instagram_Codepath";
			};
			name = Debug;
		};
		48B89FD62725965B00104146 /* Release */ = {
			isa = XCBuildConfiguration;
			baseConfigurationReference = 0D4752443B72CB64006574E7 /* Pods-Instagram_CodepathTests.release.xcconfig */;
			buildSettings = {
				ALWAYS_EMBED_SWIFT_STANDARD_LIBRARIES = YES;
				BUNDLE_LOADER = "$(TEST_HOST)";
				CODE_SIGN_STYLE = Automatic;
				CURRENT_PROJECT_VERSION = 1;
				DEVELOPMENT_TEAM = T8N9V63KLX;
				GENERATE_INFOPLIST_FILE = YES;
				IPHONEOS_DEPLOYMENT_TARGET = 15.0;
				LD_RUNPATH_SEARCH_PATHS = (
					"$(inherited)",
					"@executable_path/Frameworks",
					"@loader_path/Frameworks",
				);
				MARKETING_VERSION = 1.0;
				PRODUCT_BUNDLE_IDENTIFIER = "tajwarsunan.Instagram-CodepathTests";
				PRODUCT_NAME = "$(TARGET_NAME)";
				SWIFT_EMIT_LOC_STRINGS = NO;
				SWIFT_VERSION = 5.0;
				TARGETED_DEVICE_FAMILY = "1,2";
				TEST_HOST = "$(BUILT_PRODUCTS_DIR)/Instagram_Codepath.app/Instagram_Codepath";
			};
			name = Release;
		};
		48B89FD82725965B00104146 /* Debug */ = {
			isa = XCBuildConfiguration;
			baseConfigurationReference = 864C270CB2B98E59BB313332 /* Pods-Instagram_Codepath-Instagram_CodepathUITests.debug.xcconfig */;
			buildSettings = {
				ALWAYS_EMBED_SWIFT_STANDARD_LIBRARIES = YES;
				CODE_SIGN_STYLE = Automatic;
				CURRENT_PROJECT_VERSION = 1;
				DEVELOPMENT_TEAM = T8N9V63KLX;
				GENERATE_INFOPLIST_FILE = YES;
				LD_RUNPATH_SEARCH_PATHS = (
					"$(inherited)",
					"@executable_path/Frameworks",
					"@loader_path/Frameworks",
				);
				MARKETING_VERSION = 1.0;
				PRODUCT_BUNDLE_IDENTIFIER = "tajwarsunan.Instagram-CodepathUITests";
				PRODUCT_NAME = "$(TARGET_NAME)";
				SWIFT_EMIT_LOC_STRINGS = NO;
				SWIFT_VERSION = 5.0;
				TARGETED_DEVICE_FAMILY = "1,2";
				TEST_TARGET_NAME = Instagram_Codepath;
			};
			name = Debug;
		};
		48B89FD92725965B00104146 /* Release */ = {
			isa = XCBuildConfiguration;
			baseConfigurationReference = E1DD082364EFD9562F275BBC /* Pods-Instagram_Codepath-Instagram_CodepathUITests.release.xcconfig */;
			buildSettings = {
				ALWAYS_EMBED_SWIFT_STANDARD_LIBRARIES = YES;
				CODE_SIGN_STYLE = Automatic;
				CURRENT_PROJECT_VERSION = 1;
				DEVELOPMENT_TEAM = T8N9V63KLX;
				GENERATE_INFOPLIST_FILE = YES;
				LD_RUNPATH_SEARCH_PATHS = (
					"$(inherited)",
					"@executable_path/Frameworks",
					"@loader_path/Frameworks",
				);
				MARKETING_VERSION = 1.0;
				PRODUCT_BUNDLE_IDENTIFIER = "tajwarsunan.Instagram-CodepathUITests";
				PRODUCT_NAME = "$(TARGET_NAME)";
				SWIFT_EMIT_LOC_STRINGS = NO;
				SWIFT_VERSION = 5.0;
				TARGETED_DEVICE_FAMILY = "1,2";
				TEST_TARGET_NAME = Instagram_Codepath;
			};
			name = Release;
		};
/* End XCBuildConfiguration section */

/* Begin XCConfigurationList section */
		48B89FA22725965800104146 /* Build configuration list for PBXProject "Instagram_Codepath" */ = {
			isa = XCConfigurationList;
			buildConfigurations = (
				48B89FCF2725965B00104146 /* Debug */,
				48B89FD02725965B00104146 /* Release */,
			);
			defaultConfigurationIsVisible = 0;
			defaultConfigurationName = Release;
		};
		48B89FD12725965B00104146 /* Build configuration list for PBXNativeTarget "Instagram_Codepath" */ = {
			isa = XCConfigurationList;
			buildConfigurations = (
				48B89FD22725965B00104146 /* Debug */,
				48B89FD32725965B00104146 /* Release */,
			);
			defaultConfigurationIsVisible = 0;
			defaultConfigurationName = Release;
		};
		48B89FD42725965B00104146 /* Build configuration list for PBXNativeTarget "Instagram_CodepathTests" */ = {
			isa = XCConfigurationList;
			buildConfigurations = (
				48B89FD52725965B00104146 /* Debug */,
				48B89FD62725965B00104146 /* Release */,
			);
			defaultConfigurationIsVisible = 0;
			defaultConfigurationName = Release;
		};
		48B89FD72725965B00104146 /* Build configuration list for PBXNativeTarget "Instagram_CodepathUITests" */ = {
			isa = XCConfigurationList;
			buildConfigurations = (
				48B89FD82725965B00104146 /* Debug */,
				48B89FD92725965B00104146 /* Release */,
			);
			defaultConfigurationIsVisible = 0;
			defaultConfigurationName = Release;
		};
/* End XCConfigurationList section */
	};
	rootObject = 48B89F9F2725965800104146 /* Project object */;
}
